
Microsoft Visual Studio Solution File, Format Version 12.00
# Visual Studio Version 17
VisualStudioVersion = 17.1.32421.90
MinimumVisualStudioVersion = 10.0.40219.1
Project("{FAE04EC0-301F-11D3-BF4B-00C04F79EFBC}") = "elaborazione_csv", "elaborazione_csv\elaborazione_csv.csproj", "{7C281A65-27D2-442C-B41C-C00FEF499930}"
EndProject
Global
	GlobalSection(SolutionConfigurationPlatforms) = preSolution
		Debug|Any CPU = Debug|Any CPU
		Release|Any CPU = Release|Any CPU
	EndGlobalSection
	GlobalSection(ProjectConfigurationPlatforms) = postSolution
		{7C281A65-27D2-442C-B41C-C00FEF499930}.Debug|Any CPU.ActiveCfg = Debug|Any CPU
		{7C281A65-27D2-442C-B41C-C00FEF499930}.Debug|Any CPU.Build.0 = Debug|Any CPU
		{7C281A65-27D2-442C-B41C-C00FEF499930}.Release|Any CPU.ActiveCfg = Release|Any CPU
		{7C281A65-27D2-442C-B41C-C00FEF499930}.Release|Any CPU.Build.0 = Release|Any CPU
	EndGlobalSection
	GlobalSection(SolutionProperties) = preSolution
		HideSolutionNode = FALSE
	EndGlobalSection
	GlobalSection(ExtensibilityGlobals) = postSolution
		SolutionGuid = {F8CB2A72-00A4-490C-95A5-3EDFA4EF2AFB}
	EndGlobalSection
EndGlobal
